
Microsoft Visual Studio Solution File, Format Version 10.00
# Visual Studio 2008
Project("{FAE04EC0-301F-11D3-BF4B-00C04F79EFBC}") = "StringTemplate", "StringTemplateLibrary\StringTemplate.csproj", "{826664B6-1904-49B8-91AE-2C5ECAA907CD}"
EndProject
Project("{FAE04EC0-301F-11D3-BF4B-00C04F79EFBC}") = "StringTemplateTester", "StringTemplateTester\StringTemplateTester.csproj", "{7CB599BE-FF28-43FA-9D43-A139FE33DBDF}"
EndProject
Global
	GlobalSection(SolutionConfigurationPlatforms) = preSolution
		Debug|Any CPU = Debug|Any CPU
		Release|Any CPU = Release|Any CPU
	EndGlobalSection
	GlobalSection(ProjectConfigurationPlatforms) = postSolution
		{826664B6-1904-49B8-91AE-2C5ECAA907CD}.Debug|Any CPU.ActiveCfg = Debug|Any CPU
		{826664B6-1904-49B8-91AE-2C5ECAA907CD}.Debug|Any CPU.Build.0 = Debug|Any CPU
		{826664B6-1904-49B8-91AE-2C5ECAA907CD}.Release|Any CPU.ActiveCfg = Release|Any CPU
		{826664B6-1904-49B8-91AE-2C5ECAA907CD}.Release|Any CPU.Build.0 = Release|Any CPU
		{7CB599BE-FF28-43FA-9D43-A139FE33DBDF}.Debug|Any CPU.ActiveCfg = Debug|Any CPU
		{7CB599BE-FF28-43FA-9D43-A139FE33DBDF}.Debug|Any CPU.Build.0 = Debug|Any CPU
		{7CB599BE-FF28-43FA-9D43-A139FE33DBDF}.Release|Any CPU.ActiveCfg = Release|Any CPU
		{7CB599BE-FF28-43FA-9D43-A139FE33DBDF}.Release|Any CPU.Build.0 = Release|Any CPU
	EndGlobalSection
	GlobalSection(SolutionProperties) = preSolution
		HideSolutionNode = FALSE
	EndGlobalSection
EndGlobal
